
Microsoft Visual Studio Solution File, Format Version 12.00
# Visual Studio 14
VisualStudioVersion = 14.0.23107.0
MinimumVisualStudioVersion = 10.0.40219.1
Project("{FAE04EC0-301F-11D3-BF4B-00C04F79EFBC}") = "RestaurantManager.UniversalWindows", "RestaurantManager.UniversalWindows\RestaurantManager.UniversalWindows.csproj", "{52199503-075D-4B37-BB6B-6D57F6B8D54D}"
EndProject
Project("{FAE04EC0-301F-11D3-BF4B-00C04F79EFBC}") = "RestaurantManager.Models", "RestaurantManager.Models\RestaurantManager.Models.csproj", "{B40E7E89-1247-4132-9C23-BD4ECF2C4142}"
EndProject
Global
	GlobalSection(SolutionConfigurationPlatforms) = preSolution
		Debug|Any CPU = Debug|Any CPU
		Debug|ARM = Debug|ARM
		Debug|x64 = Debug|x64
		Debug|x86 = Debug|x86
		Release|Any CPU = Release|Any CPU
		Release|ARM = Release|ARM
		Release|x64 = Release|x64
		Release|x86 = Release|x86
	EndGlobalSection
	GlobalSection(ProjectConfigurationPlatforms) = postSolution
		{52199503-075D-4B37-BB6B-6D57F6B8D54D}.Debug|Any CPU.ActiveCfg = Debug|x86
		{52199503-075D-4B37-BB6B-6D57F6B8D54D}.Debug|ARM.ActiveCfg = Debug|ARM
		{52199503-075D-4B37-BB6B-6D57F6B8D54D}.Debug|ARM.Build.0 = Debug|ARM
		{52199503-075D-4B37-BB6B-6D57F6B8D54D}.Debug|ARM.Deploy.0 = Debug|ARM
		{52199503-075D-4B37-BB6B-6D57F6B8D54D}.Debug|x64.ActiveCfg = Debug|x64
		{52199503-075D-4B37-BB6B-6D57F6B8D54D}.Debug|x64.Build.0 = Debug|x64
		{52199503-075D-4B37-BB6B-6D57F6B8D54D}.Debug|x64.Deploy.0 = Debug|x64
		{52199503-075D-4B37-BB6B-6D57F6B8D54D}.Debug|x86.ActiveCfg = Debug|x86
		{52199503-075D-4B37-BB6B-6D57F6B8D54D}.Debug|x86.Build.0 = Debug|x86
		{52199503-075D-4B37-BB6B-6D57F6B8D54D}.Debug|x86.Deploy.0 = Debug|x86
		{52199503-075D-4B37-BB6B-6D57F6B8D54D}.Release|Any CPU.ActiveCfg = Release|x86
		{52199503-075D-4B37-BB6B-6D57F6B8D54D}.Release|ARM.ActiveCfg = Release|ARM
		{52199503-075D-4B37-BB6B-6D57F6B8D54D}.Release|ARM.Build.0 = Release|ARM
		{52199503-075D-4B37-BB6B-6D57F6B8D54D}.Release|ARM.Deploy.0 = Release|ARM
		{52199503-075D-4B37-BB6B-6D57F6B8D54D}.Release|x64.ActiveCfg = Release|x64
		{52199503-075D-4B37-BB6B-6D57F6B8D54D}.Release|x64.Build.0 = Release|x64
		{52199503-075D-4B37-BB6B-6D57F6B8D54D}.Release|x64.Deploy.0 = Release|x64
		{52199503-075D-4B37-BB6B-6D57F6B8D54D}.Release|x86.ActiveCfg = Release|x86
		{52199503-075D-4B37-BB6B-6D57F6B8D54D}.Release|x86.Build.0 = Release|x86
		{52199503-075D-4B37-BB6B-6D57F6B8D54D}.Release|x86.Deploy.0 = Release|x86
		{B40E7E89-1247-4132-9C23-BD4ECF2C4142}.Debug|Any CPU.ActiveCfg = Debug|Any CPU
		{B40E7E89-1247-4132-9C23-BD4ECF2C4142}.Debug|Any CPU.Build.0 = Debug|Any CPU
		{B40E7E89-1247-4132-9C23-BD4ECF2C4142}.Debug|ARM.ActiveCfg = Debug|ARM
		{B40E7E89-1247-4132-9C23-BD4ECF2C4142}.Debug|ARM.Build.0 = Debug|ARM
		{B40E7E89-1247-4132-9C23-BD4ECF2C4142}.Debug|x64.ActiveCfg = Debug|x64
		{B40E7E89-1247-4132-9C23-BD4ECF2C4142}.Debug|x64.Build.0 = Debug|x64
		{B40E7E89-1247-4132-9C23-BD4ECF2C4142}.Debug|x86.ActiveCfg = Debug|x86
		{B40E7E89-1247-4132-9C23-BD4ECF2C4142}.Debug|x86.Build.0 = Debug|x86
		{B40E7E89-1247-4132-9C23-BD4ECF2C4142}.Release|Any CPU.ActiveCfg = Release|Any CPU
		{B40E7E89-1247-4132-9C23-BD4ECF2C4142}.Release|Any CPU.Build.0 = Release|Any CPU
		{B40E7E89-1247-4132-9C23-BD4ECF2C4142}.Release|ARM.ActiveCfg = Release|ARM
		{B40E7E89-1247-4132-9C23-BD4ECF2C4142}.Release|ARM.Build.0 = Release|ARM
		{B40E7E89-1247-4132-9C23-BD4ECF2C4142}.Release|x64.ActiveCfg = Release|x64
		{B40E7E89-1247-4132-9C23-BD4ECF2C4142}.Release|x64.Build.0 = Release|x64
		{B40E7E89-1247-4132-9C23-BD4ECF2C4142}.Release|x86.ActiveCfg = Release|x86
		{B40E7E89-1247-4132-9C23-BD4ECF2C4142}.Release|x86.Build.0 = Release|x86
	EndGlobalSection
	GlobalSection(SolutionProperties) = preSolution
		HideSolutionNode = FALSE
	EndGlobalSection
EndGlobal
